{
  "version": 4,
  "terraform_version": "1.13.4",
  "serial": 13,
  "lineage": "acaa48e5-0fb9-8640-a5db-45d626bc16cd",
  "outputs": {},
  "resources": [
    {
      "mode": "data",
      "type": "hcloud_ssh_key",
      "name": "by_fingerprint",
      "provider": "provider[\"registry.terraform.io/hetznercloud/hcloud\"]",
      "instances": [
        {
          "schema_version": 0,
          "attributes": {
            "fingerprint": "d1:4b:c0:f9:f8:41:f2:1c:1b:4f:26:8f:87:09:85:de",
            "id": 102319607,
            "labels": {},
            "name": "AVL",
            "public_key": "ssh-ed25519 AAAAC3NzaC1lZDI1NTE5AAAAIFuJ/mNtev+PHuYGLARdgs6EOQfo63g96DWzS9wjl1BJ",
            "selector": null,
            "with_selector": null
          },
          "sensitive_attributes": [
            [
              {
                "type": "get_attr",
                "value": "fingerprint"
              }
            ]
          ],
          "identity_schema_version": 0
        }
      ]
    },
    {
      "mode": "managed",
      "type": "hcloud_server",
      "name": "ansible",
      "provider": "provider[\"registry.terraform.io/hetznercloud/hcloud\"]",
      "instances": [
        {
          "index_key": 0,
          "schema_version": 0,
          "attributes": {
            "allow_deprecated_images": false,
            "backup_window": "",
            "backups": false,
            "datacenter": "nbg1-dc3",
            "delete_protection": false,
            "firewall_ids": [],
            "id": "113243736",
            "ignore_remote_firewall_ids": false,
            "image": "ubuntu-24.04",
            "ipv4_address": "5.75.167.208",
            "ipv6_address": "2a01:4f8:c0c:ce75::1",
            "ipv6_network": "2a01:4f8:c0c:ce75::/64",
            "iso": null,
            "keep_disk": false,
            "labels": null,
            "location": "nbg1",
            "name": "ansible",
            "network": [],
            "placement_group_id": 0,
            "primary_disk_size": 40,
            "public_net": [],
            "rebuild_protection": false,
            "rescue": null,
            "server_type": "cx23",
            "shutdown_before_deletion": false,
            "ssh_keys": [
              "102319607"
            ],
            "status": "running",
            "timeouts": null,
            "user_data": null
          },
          "sensitive_attributes": [],
          "identity_schema_version": 0,
          "private": "eyJlMmJmYjczMC1lY2FhLTExZTYtOGY4OC0zNDM2M2JjN2M0YzAiOnsiY3JlYXRlIjo1NDAwMDAwMDAwMDAwfX0=",
          "dependencies": [
            "data.hcloud_ssh_key.by_fingerprint"
          ]
        }
      ]
    }
  ],
  "check_results": null
}
